// !$*UTF8*$!
{
	archiveVersion = 1;
	classes = {
	};
	objectVersion = 46;
	objects = {

/* Begin PBXBuildFile section */
		3EE562C71BF2801D00B6DD66 /* AppDelegate.swift in Sources */ = {isa = PBXBuildFile; fileRef = 3EE562C61BF2801D00B6DD66 /* AppDelegate.swift */; };
		3EE562C91BF2801D00B6DD66 /* ViewController.swift in Sources */ = {isa = PBXBuildFile; fileRef = 3EE562C81BF2801D00B6DD66 /* ViewController.swift */; };
		3EE562CC1BF2801D00B6DD66 /* Main.storyboard in Resources */ = {isa = PBXBuildFile; fileRef = 3EE562CA1BF2801D00B6DD66 /* Main.storyboard */; };
		3EE562CE1BF2801D00B6DD66 /* Images.xcassets in Resources */ = {isa = PBXBuildFile; fileRef = 3EE562CD1BF2801D00B6DD66 /* Images.xcassets */; };
		3EE562D11BF2801D00B6DD66 /* LaunchScreen.xib in Resources */ = {isa = PBXBuildFile; fileRef = 3EE562CF1BF2801D00B6DD66 /* LaunchScreen.xib */; };
		3EE562DD1BF2801D00B6DD66 /* Auto_Layout_BasicsTests.swift in Sources */ = {isa = PBXBuildFile; fileRef = 3EE562DC1BF2801D00B6DD66 /* Auto_Layout_BasicsTests.swift */; };
/* End PBXBuildFile section */

/* Begin PBXContainerItemProxy section */
		3EE562D71BF2801D00B6DD66 /* PBXContainerItemProxy */ = {
			isa = PBXContainerItemProxy;
			containerPortal = 3EE562B91BF2801D00B6DD66 /* Project object */;
			proxyType = 1;
			remoteGlobalIDString = 3EE562C01BF2801D00B6DD66;
			remoteInfo = "Auto-Layout-Basics";
		};
/* End PBXContainerItemProxy section */

/* Begin PBXFileReference section */
		3EE562C11BF2801D00B6DD66 /* Auto-Layout-Basics.app */ = {isa = PBXFileReference; explicitFileType = wrapper.application; includeInIndex = 0; path = "Auto-Layout-Basics.app"; sourceTree = BUILT_PRODUCTS_DIR; };
		3EE562C51BF2801D00B6DD66 /* Info.plist */ = {isa = PBXFileReference; lastKnownFileType = text.plist.xml; path = Info.plist; sourceTree = "<group>"; };
		3EE562C61BF2801D00B6DD66 /* AppDelegate.swift */ = {isa = PBXFileReference; lastKnownFileType = sourcecode.swift; path = AppDelegate.swift; sourceTree = "<group>"; };
		3EE562C81BF2801D00B6DD66 /* ViewController.swift */ = {isa = PBXFileReference; lastKnownFileType = sourcecode.swift; path = ViewController.swift; sourceTree = "<group>"; };
		3EE562CB1BF2801D00B6DD66 /* Base */ = {isa = PBXFileReference; lastKnownFileType = file.storyboard; name = Base; path = Base.lproj/Main.storyboard; sourceTree = "<group>"; };
		3EE562CD1BF2801D00B6DD66 /* Images.xcassets */ = {isa = PBXFileReference; lastKnownFileType = folder.assetcatalog; path = Images.xcassets; sourceTree = "<group>"; };
		3EE562D01BF2801D00B6DD66 /* Base */ = {isa = PBXFileReference; lastKnownFileType = file.xib; name = Base; path = Base.lproj/LaunchScreen.xib; sourceTree = "<group>"; };
		3EE562D61BF2801D00B6DD66 /* Auto-Layout-BasicsTests.xctest */ = {isa = PBXFileReference; explicitFileType = wrapper.cfbundle; includeInIndex = 0; path = "Auto-Layout-BasicsTests.xctest"; sourceTree = BUILT_PRODUCTS_DIR; };
		3EE562DB1BF2801D00B6DD66 /* Info.plist */ = {isa = PBXFileReference; lastKnownFileType = text.plist.xml; path = Info.plist; sourceTree = "<group>"; };
		3EE562DC1BF2801D00B6DD66 /* Auto_Layout_BasicsTests.swift */ = {isa = PBXFileReference; lastKnownFileType = sourcecode.swift; path = Auto_Layout_BasicsTests.swift; sourceTree = "<group>"; };
/* End PBXFileReference section */

/* Begin PBXFrameworksBuildPhase section */
		3EE562BE1BF2801D00B6DD66 /* Frameworks */ = {
			isa = PBXFrameworksBuildPhase;
			buildActionMask = 2147483647;
			files = (
			);
			runOnlyForDeploymentPostprocessing = 0;
		};
		3EE562D31BF2801D00B6DD66 /* Frameworks */ = {
			isa = PBXFrameworksBuildPhase;
			buildActionMask = 2147483647;
			files = (
			);
			runOnlyForDeploymentPostprocessing = 0;
		};
/* End PBXFrameworksBuildPhase section */

/* Begin PBXGroup section */
		3EE562B81BF2801D00B6DD66 = {
			isa = PBXGroup;
			children = (
				3EE562C31BF2801D00B6DD66 /* Auto-Layout-Basics */,
				3EE562D91BF2801D00B6DD66 /* Auto-Layout-BasicsTests */,
				3EE562C21BF2801D00B6DD66 /* Products */,
			);
			sourceTree = "<group>";
		};
		3EE562C21BF2801D00B6DD66 /* Products */ = {
			isa = PBXGroup;
			children = (
				3EE562C11BF2801D00B6DD66 /* Auto-Layout-Basics.app */,
				3EE562D61BF2801D00B6DD66 /* Auto-Layout-BasicsTests.xctest */,
			);
			name = Products;
			sourceTree = "<group>";
		};
		3EE562C31BF2801D00B6DD66 /* Auto-Layout-Basics */ = {
			isa = PBXGroup;
			children = (
				3EE562C61BF2801D00B6DD66 /* AppDelegate.swift */,
				3EE562C81BF2801D00B6DD66 /* ViewController.swift */,
				3EE562CA1BF2801D00B6DD66 /* Main.storyboard */,
				3EE562CD1BF2801D00B6DD66 /* Images.xcassets */,
				3EE562CF1BF2801D00B6DD66 /* LaunchScreen.xib */,
				3EE562C41BF2801D00B6DD66 /* Supporting Files */,
			);
			path = "Auto-Layout-Basics";
			sourceTree = "<group>";
		};
		3EE562C41BF2801D00B6DD66 /* Supporting Files */ = {
			isa = PBXGroup;
			children = (
				3EE562C51BF2801D00B6DD66 /* Info.plist */,
			);
			name = "Supporting Files";
			sourceTree = "<group>";
		};
		3EE562D91BF2801D00B6DD66 /* Auto-Layout-BasicsTests */ = {
			isa = PBXGroup;
			children = (
				3EE562DC1BF2801D00B6DD66 /* Auto_Layout_BasicsTests.swift */,
				3EE562DA1BF2801D00B6DD66 /* Supporting Files */,
			);
			path = "Auto-Layout-BasicsTests";
			sourceTree = "<group>";
		};
		3EE562DA1BF2801D00B6DD66 /* Supporting Files */ = {
			isa = PBXGroup;
			children = (
				3EE562DB1BF2801D00B6DD66 /* Info.plist */,
			);
			name = "Supporting Files";
			sourceTree = "<group>";
		};
/* End PBXGroup section */

/* Begin PBXNativeTarget section */
		3EE562C01BF2801D00B6DD66 /* Auto-Layout-Basics */ = {
			isa = PBXNativeTarget;
			buildConfigurationList = 3EE562E01BF2801D00B6DD66 /* Build configuration list for PBXNativeTarget "Auto-Layout-Basics" */;
			buildPhases = (
				3EE562BD1BF2801D00B6DD66 /* Sources */,
				3EE562BE1BF2801D00B6DD66 /* Frameworks */,
				3EE562BF1BF2801D00B6DD66 /* Resources */,
			);
			buildRules = (
			);
			dependencies = (
			);
			name = "Auto-Layout-Basics";
			productName = "Auto-Layout-Basics";
			productReference = 3EE562C11BF2801D00B6DD66 /* Auto-Layout-Basics.app */;
			productType = "com.apple.product-type.application";
		};
		3EE562D51BF2801D00B6DD66 /* Auto-Layout-BasicsTests */ = {
			isa = PBXNativeTarget;
			buildConfigurationList = 3EE562E31BF2801D00B6DD66 /* Build configuration list for PBXNativeTarget "Auto-Layout-BasicsTests" */;
			buildPhases = (
				3EE562D21BF2801D00B6DD66 /* Sources */,
				3EE562D31BF2801D00B6DD66 /* Frameworks */,
				3EE562D41BF2801D00B6DD66 /* Resources */,
			);
			buildRules = (
			);
			dependencies = (
				3EE562D81BF2801D00B6DD66 /* PBXTargetDependency */,
			);
			name = "Auto-Layout-BasicsTests";
			productName = "Auto-Layout-BasicsTests";
			productReference = 3EE562D61BF2801D00B6DD66 /* Auto-Layout-BasicsTests.xctest */;
			productType = "com.apple.product-type.bundle.unit-test";
		};
/* End PBXNativeTarget section */

/* Begin PBXProject section */
		3EE562B91BF2801D00B6DD66 /* Project object */ = {
			isa = PBXProject;
			attributes = {
				LastUpgradeCheck = 0620;
				ORGANIZATIONNAME = iyography;
				TargetAttributes = {
					3EE562C01BF2801D00B6DD66 = {
						CreatedOnToolsVersion = 6.2;
					};
					3EE562D51BF2801D00B6DD66 = {
						CreatedOnToolsVersion = 6.2;
						TestTargetID = 3EE562C01BF2801D00B6DD66;
					};
				};
			};
			buildConfigurationList = 3EE562BC1BF2801D00B6DD66 /* Build configuration list for PBXProject "Auto-Layout-Basics" */;
			compatibilityVersion = "Xcode 3.2";
			developmentRegion = English;
			hasScannedForEncodings = 0;
			knownRegions = (
				en,
				Base,
			);
			mainGroup = 3EE562B81BF2801D00B6DD66;
			productRefGroup = 3EE562C21BF2801D00B6DD66 /* Products */;
			projectDirPath = "";
			projectRoot = "";
			targets = (
				3EE562C01BF2801D00B6DD66 /* Auto-Layout-Basics */,
				3EE562D51BF2801D00B6DD66 /* Auto-Layout-BasicsTests */,
			);
		};
/* End PBXProject section */

/* Begin PBXResourcesBuildPhase section */
		3EE562BF1BF2801D00B6DD66 /* Resources */ = {
			isa = PBXResourcesBuildPhase;
			buildActionMask = 2147483647;
			files = (
				3EE562CC1BF2801D00B6DD66 /* Main.storyboard in Resources */,
				3EE562D11BF2801D00B6DD66 /* LaunchScreen.xib in Resources */,
				3EE562CE1BF2801D00B6DD66 /* Images.xcassets in Resources */,
			);
			runOnlyForDeploymentPostprocessing = 0;
		};
		3EE562D41BF2801D00B6DD66 /* Resources */ = {
			isa = PBXResourcesBuildPhase;
			buildActionMask = 2147483647;
			files = (
			);
			runOnlyForDeploymentPostprocessing = 0;
		};
/* End PBXResourcesBuildPhase section */

/* Begin PBXSourcesBuildPhase section */
		3EE562BD1BF2801D00B6DD66 /* Sources */ = {
			isa = PBXSourcesBuildPhase;
			buildActionMask = 2147483647;
			files = (
				3EE562C91BF2801D00B6DD66 /* ViewController.swift in Sources */,
				3EE562C71BF2801D00B6DD66 /* AppDelegate.swift in Sources */,
			);
			runOnlyForDeploymentPostprocessing = 0;
		};
		3EE562D21BF2801D00B6DD66 /* Sources */ = {
			isa = PBXSourcesBuildPhase;
			buildActionMask = 2147483647;
			files = (
				3EE562DD1BF2801D00B6DD66 /* Auto_Layout_BasicsTests.swift in Sources */,
			);
			runOnlyForDeploymentPostprocessing = 0;
		};
/* End PBXSourcesBuildPhase section */

/* Begin PBXTargetDependency section */
		3EE562D81BF2801D00B6DD66 /* PBXTargetDependency */ = {
			isa = PBXTargetDependency;
			target = 3EE562C01BF2801D00B6DD66 /* Auto-Layout-Basics */;
			targetProxy = 3EE562D71BF2801D00B6DD66 /* PBXContainerItemProxy */;
		};
/* End PBXTargetDependency section */

/* Begin PBXVariantGroup section */
		3EE562CA1BF2801D00B6DD66 /* Main.storyboard */ = {
			isa = PBXVariantGroup;
			children = (
				3EE562CB1BF2801D00B6DD66 /* Base */,
			);
			name = Main.storyboard;
			sourceTree = "<group>";
		};
		3EE562CF1BF2801D00B6DD66 /* LaunchScreen.xib */ = {
			isa = PBXVariantGroup;
			children = (
				3EE562D01BF2801D00B6DD66 /* Base */,
			);
			name = LaunchScreen.xib;
			sourceTree = "<group>";
		};
/* End PBXVariantGroup section */

/* Begin XCBuildConfiguration section */
		3EE562DE1BF2801D00B6DD66 /* Debug */ = {
			isa = XCBuildConfiguration;
			buildSettings = {
				ALWAYS_SEARCH_USER_PATHS = NO;
				CLANG_CXX_LANGUAGE_STANDARD = "gnu++0x";
				CLANG_CXX_LIBRARY = "libc++";
				CLANG_ENABLE_MODULES = YES;
				CLANG_ENABLE_OBJC_ARC = YES;
				CLANG_WARN_BOOL_CONVERSION = YES;
				CLANG_WARN_CONSTANT_CONVERSION = YES;
				CLANG_WARN_DIRECT_OBJC_ISA_USAGE = YES_ERROR;
				CLANG_WARN_EMPTY_BODY = YES;
				CLANG_WARN_ENUM_CONVERSION = YES;
				CLANG_WARN_INT_CONVERSION = YES;
				CLANG_WARN_OBJC_ROOT_CLASS = YES_ERROR;
				CLANG_WARN_UNREACHABLE_CODE = YES;
				CLANG_WARN__DUPLICATE_METHOD_MATCH = YES;
				"CODE_SIGN_IDENTITY[sdk=iphoneos*]" = "iPhone Developer";
				COPY_PHASE_STRIP = NO;
				ENABLE_STRICT_OBJC_MSGSEND = YES;
				GCC_C_LANGUAGE_STANDARD = gnu99;
				GCC_DYNAMIC_NO_PIC = NO;
				GCC_OPTIMIZATION_LEVEL = 0;
				GCC_PREPROCESSOR_DEFINITIONS = (
					"DEBUG=1",
					"$(inherited)",
				);
				GCC_SYMBOLS_PRIVATE_EXTERN = NO;
				GCC_WARN_64_TO_32_BIT_CONVERSION = YES;
				GCC_WARN_ABOUT_RETURN_TYPE = YES_ERROR;
				GCC_WARN_UNDECLARED_SELECTOR = YES;
				GCC_WARN_UNINITIALIZED_AUTOS = YES_AGGRESSIVE;
				GCC_WARN_UNUSED_FUNCTION = YES;
				GCC_WARN_UNUSED_VARIABLE = YES;
				IPHONEOS_DEPLOYMENT_TARGET = 8.2;
				MTL_ENABLE_DEBUG_INFO = YES;
				ONLY_ACTIVE_ARCH = YES;
				SDKROOT = iphoneos;
				SWIFT_OPTIMIZATION_LEVEL = "-Onone";
			};
			name = Debug;
		};
		3EE562DF1BF2801D00B6DD66 /* Release */ = {
			isa = XCBuildConfiguration;
			buildSettings = {
				ALWAYS_SEARCH_USER_PATHS = NO;
				CLANG_CXX_LANGUAGE_STANDARD = "gnu++0x";
				CLANG_CXX_LIBRARY = "libc++";
				CLANG_ENABLE_MODULES = YES;
				CLANG_ENABLE_OBJC_ARC = YES;
				CLANG_WARN_BOOL_CONVERSION = YES;
				CLANG_WARN_CONSTANT_CONVERSION = YES;
				CLANG_WARN_DIRECT_OBJC_ISA_USAGE = YES_ERROR;
				CLANG_WARN_EMPTY_BODY = YES;
				CLANG_WARN_ENUM_CONVERSION = YES;
				CLANG_WARN_INT_CONVERSION = YES;
				CLANG_WARN_OBJC_ROOT_CLASS = YES_ERROR;
				CLANG_WARN_UNREACHABLE_CODE = YES;
				CLANG_WARN__DUPLICATE_METHOD_MATCH = YES;
				"CODE_SIGN_IDENTITY[sdk=iphoneos*]" = "iPhone Developer";
				COPY_PHASE_STRIP = NO;
				ENABLE_NS_ASSERTIONS = NO;
				ENABLE_STRICT_OBJC_MSGSEND = YES;
				GCC_C_LANGUAGE_STANDARD = gnu99;
				GCC_WARN_64_TO_32_BIT_CONVERSION = YES;
				GCC_WARN_ABOUT_RETURN_TYPE = YES_ERROR;
				GCC_WARN_UNDECLARED_SELECTOR = YES;
				GCC_WARN_UNINITIALIZED_AUTOS = YES_AGGRESSIVE;
				GCC_WARN_UNUSED_FUNCTION = YES;
				GCC_WARN_UNUSED_VARIABLE = YES;
				IPHONEOS_DEPLOYMENT_TARGET = 8.2;
				MTL_ENABLE_DEBUG_INFO = NO;
				SDKROOT = iphoneos;
				VALIDATE_PRODUCT = YES;
			};
			name = Release;
		};
		3EE562E11BF2801D00B6DD66 /* Debug */ = {
			isa = XCBuildConfiguration;
			buildSettings = {
				ASSETCATALOG_COMPILER_APPICON_NAME = AppIcon;
				INFOPLIST_FILE = "Auto-Layout-Basics/Info.plist";
				LD_RUNPATH_SEARCH_PATHS = "$(inherited) @executable_path/Frameworks";
				PRODUCT_NAME = "$(TARGET_NAME)";
			};
			name = Debug;
		};
		3EE562E21BF2801D00B6DD66 /* Release */ = {
			isa = XCBuildConfiguration;
			buildSettings = {
				ASSETCATALOG_COMPILER_APPICON_NAME = AppIcon;
				INFOPLIST_FILE = "Auto-Layout-Basics/Info.plist";
				LD_RUNPATH_SEARCH_PATHS = "$(inherited) @executable_path/Frameworks";
				PRODUCT_NAME = "$(TARGET_NAME)";
			};
			name = Release;
		};
		3EE562E41BF2801D00B6DD66 /* Debug */ = {
			isa = XCBuildConfiguration;
			buildSettings = {
				BUNDLE_LOADER = "$(TEST_HOST)";
				FRAMEWORK_SEARCH_PATHS = (
					"$(SDKROOT)/Developer/Library/Frameworks",
					"$(inherited)",
				);
				GCC_PREPROCESSOR_DEFINITIONS = (
					"DEBUG=1",
					"$(inherited)",
				);
				INFOPLIST_FILE = "Auto-Layout-BasicsTests/Info.plist";
				LD_RUNPATH_SEARCH_PATHS = "$(inherited) @executable_path/Frameworks @loader_path/Frameworks";
				PRODUCT_NAME = "$(TARGET_NAME)";
				TEST_HOST = "$(BUILT_PRODUCTS_DIR)/Auto-Layout-Basics.app/Auto-Layout-Basics";
			};
			name = Debug;
		};
		3EE562E51BF2801D00B6DD66 /* Release */ = {
			isa = XCBuildConfiguration;
			buildSettings = {
				BUNDLE_LOADER = "$(TEST_HOST)";
				FRAMEWORK_SEARCH_PATHS = (
					"$(SDKROOT)/Developer/Library/Frameworks",
					"$(inherited)",
				);
				INFOPLIST_FILE = "Auto-Layout-BasicsTests/Info.plist";
				LD_RUNPATH_SEARCH_PATHS = "$(inherited) @executable_path/Frameworks @loader_path/Frameworks";
				PRODUCT_NAME = "$(TARGET_NAME)";
				TEST_HOST = "$(BUILT_PRODUCTS_DIR)/Auto-Layout-Basics.app/Auto-Layout-Basics";
			};
			name = Release;
		};
/* End XCBuildConfiguration section */

/* Begin XCConfigurationList section */
		3EE562BC1BF2801D00B6DD66 /* Build configuration list for PBXProject "Auto-Layout-Basics" */ = {
			isa = XCConfigurationList;
			buildConfigurations = (
				3EE562DE1BF2801D00B6DD66 /* Debug */,
				3EE562DF1BF2801D00B6DD66 /* Release */,
			);
			defaultConfigurationIsVisible = 0;
			defaultConfigurationName = Release;
		};
		3EE562E01BF2801D00B6DD66 /* Build configuration list for PBXNativeTarget "Auto-Layout-Basics" */ = {
			isa = XCConfigurationList;
			buildConfigurations = (
				3EE562E11BF2801D00B6DD66 /* Debug */,
				3EE562E21BF2801D00B6DD66 /* Release */,
			);
			defaultConfigurationIsVisible = 0;
		};
		3EE562E31BF2801D00B6DD66 /* Build configuration list for PBXNativeTarget "Auto-Layout-BasicsTests" */ = {
			isa = XCConfigurationList;
			buildConfigurations = (
				3EE562E41BF2801D00B6DD66 /* Debug */,
				3EE562E51BF2801D00B6DD66 /* Release */,
			);
			defaultConfigurationIsVisible = 0;
		};
/* End XCConfigurationList section */
	};
	rootObject = 3EE562B91BF2801D00B6DD66 /* Project object */;
}
